
Microsoft Visual Studio Solution File, Format Version 12.00
# Visual Studio Version 17
VisualStudioVersion = 17.6.33815.320
MinimumVisualStudioVersion = 10.0.40219.1
Project("{FAE04EC0-301F-11D3-BF4B-00C04F79EFBC}") = "Singleton", "Singleton\Singleton.csproj", "{BF6E63DC-424D-4197-A0FC-29ECE8A462B6}"
EndProject
Global
	GlobalSection(SolutionConfigurationPlatforms) = preSolution
		Debug|Any CPU = Debug|Any CPU
		Release|Any CPU = Release|Any CPU
	EndGlobalSection
	GlobalSection(ProjectConfigurationPlatforms) = postSolution
		{BF6E63DC-424D-4197-A0FC-29ECE8A462B6}.Debug|Any CPU.ActiveCfg = Debug|Any CPU
		{BF6E63DC-424D-4197-A0FC-29ECE8A462B6}.Debug|Any CPU.Build.0 = Debug|Any CPU
		{BF6E63DC-424D-4197-A0FC-29ECE8A462B6}.Release|Any CPU.ActiveCfg = Release|Any CPU
		{BF6E63DC-424D-4197-A0FC-29ECE8A462B6}.Release|Any CPU.Build.0 = Release|Any CPU
	EndGlobalSection
	GlobalSection(SolutionProperties) = preSolution
		HideSolutionNode = FALSE
	EndGlobalSection
	GlobalSection(ExtensibilityGlobals) = postSolution
		SolutionGuid = {1FF440D5-3C1D-4098-BF12-EB96A2C028B6}
	EndGlobalSection
EndGlobal
